PODS:
  - MGSwipeTableCell (1.6.7)
  - Smooch (6.10.2)
  - SwipeView (1.3.2)

DEPENDENCIES:
  - MGSwipeTableCell
  - Smooch
  - SwipeView (from `https://github.com/nicklockwood/SwipeView.git`)

SPEC REPOS:
  https://github.com/cocoapods/specs.git:
    - MGSwipeTableCell
    - Smooch

EXTERNAL SOURCES:
  SwipeView:
    :git: https://github.com/nicklockwood/SwipeView.git

CHECKOUT OPTIONS:
  SwipeView:
    :commit: b3d7b667d05325b9c0383e718c05a16240eccf07
    :git: https://github.com/nicklockwood/SwipeView.git

SPEC CHECKSUMS:
  MGSwipeTableCell: fb20e983988bde2b8d0df29c2d9e1d8ffd10b74a
  Smooch: c174670caa8a3eb17f17af7640e8bf44ae9eff11
  SwipeView: bd67cfaf7760c036438446b3ccb28a3b84fce009

PODFILE CHECKSUM: fa4fe322de777b1cc59cffe265a51172313f9c06

COCOAPODS: 1.5.3
